// !$*UTF8*$!
{
	archiveVersion = 1;
	classes = {
	};
	objectVersion = 56;
	objects = {

/* Begin PBXBuildFile section */
		A10000010000000000000001 /* CronosApp.swift in Sources */ = {isa = PBXBuildFile; fileRef = A10000020000000000000001 /* CronosApp.swift */; };
		A10000010000000000000002 /* Job.swift in Sources */ = {isa = PBXBuildFile; fileRef = A10000020000000000000002 /* Job.swift */; };
		A10000010000000000000003 /* Schedule.swift in Sources */ = {isa = PBXBuildFile; fileRef = A10000020000000000000003 /* Schedule.swift */; };
		A10000010000000000000004 /* JobStore.swift in Sources */ = {isa = PBXBuildFile; fileRef = A10000020000000000000004 /* JobStore.swift */; };
		A10000010000000000000005 /* JobRunner.swift in Sources */ = {isa = PBXBuildFile; fileRef = A10000020000000000000005 /* JobRunner.swift */; };
		A10000010000000000000006 /* JobScheduler.swift in Sources */ = {isa = PBXBuildFile; fileRef = A10000020000000000000006 /* JobScheduler.swift */; };
		A10000010000000000000007 /* JobManager.swift in Sources */ = {isa = PBXBuildFile; fileRef = A10000020000000000000007 /* JobManager.swift */; };
		A10000010000000000000008 /* MenuBarView.swift in Sources */ = {isa = PBXBuildFile; fileRef = A10000020000000000000008 /* MenuBarView.swift */; };
		A10000010000000000000009 /* JobListView.swift in Sources */ = {isa = PBXBuildFile; fileRef = A10000020000000000000009 /* JobListView.swift */; };
		A10000010000000000000010 /* JobRowView.swift in Sources */ = {isa = PBXBuildFile; fileRef = A10000020000000000000010 /* JobRowView.swift */; };
		A10000010000000000000011 /* JobDetailSidebar.swift in Sources */ = {isa = PBXBuildFile; fileRef = A10000020000000000000011 /* JobDetailSidebar.swift */; };
		A10000010000000000000012 /* AddJobView.swift in Sources */ = {isa = PBXBuildFile; fileRef = A10000020000000000000012 /* AddJobView.swift */; };
		A10000010000000000000013 /* LogViewerView.swift in Sources */ = {isa = PBXBuildFile; fileRef = A10000020000000000000013 /* LogViewerView.swift */; };
		A10000010000000000000014 /* SettingsView.swift in Sources */ = {isa = PBXBuildFile; fileRef = A10000020000000000000014 /* SettingsView.swift */; };
		A10000010000000000000015 /* LaunchAtLogin.swift in Sources */ = {isa = PBXBuildFile; fileRef = A10000020000000000000015 /* LaunchAtLogin.swift */; };
		A10000010000000000000016 /* Assets.xcassets in Resources */ = {isa = PBXBuildFile; fileRef = A10000020000000000000016 /* Assets.xcassets */; };
		A10000010000000000000017 /* EditJobWindow.swift in Sources */ = {isa = PBXBuildFile; fileRef = A10000020000000000000017 /* EditJobWindow.swift */; };
		A10000010000000000000018 /* LogViewerWindow.swift in Sources */ = {isa = PBXBuildFile; fileRef = A10000020000000000000018 /* LogViewerWindow.swift */; };
		A10000010000000000000019 /* LogRun.swift in Sources */ = {isa = PBXBuildFile; fileRef = A10000020000000000000019 /* LogRun.swift */; };
		A10000010000000000000020 /* InlineLogView.swift in Sources */ = {isa = PBXBuildFile; fileRef = A10000020000000000000020 /* InlineLogView.swift */; };
		A10000010000000000000021 /* LogHistoryView.swift in Sources */ = {isa = PBXBuildFile; fileRef = A10000020000000000000021 /* LogHistoryView.swift */; };
		A10000010000000000000022 /* LogHistoryWindow.swift in Sources */ = {isa = PBXBuildFile; fileRef = A10000020000000000000022 /* LogHistoryWindow.swift */; };
		A10000010000000000000023 /* NotificationService.swift in Sources */ = {isa = PBXBuildFile; fileRef = A10000020000000000000023 /* NotificationService.swift */; };
/* End PBXBuildFile section */

/* Begin PBXFileReference section */
		A10000020000000000000001 /* CronosApp.swift */ = {isa = PBXFileReference; lastKnownFileType = sourcecode.swift; path = CronosApp.swift; sourceTree = "<group>"; };
		A10000020000000000000002 /* Job.swift */ = {isa = PBXFileReference; lastKnownFileType = sourcecode.swift; path = Job.swift; sourceTree = "<group>"; };
		A10000020000000000000003 /* Schedule.swift */ = {isa = PBXFileReference; lastKnownFileType = sourcecode.swift; path = Schedule.swift; sourceTree = "<group>"; };
		A10000020000000000000004 /* JobStore.swift */ = {isa = PBXFileReference; lastKnownFileType = sourcecode.swift; path = JobStore.swift; sourceTree = "<group>"; };
		A10000020000000000000005 /* JobRunner.swift */ = {isa = PBXFileReference; lastKnownFileType = sourcecode.swift; path = JobRunner.swift; sourceTree = "<group>"; };
		A10000020000000000000006 /* JobScheduler.swift */ = {isa = PBXFileReference; lastKnownFileType = sourcecode.swift; path = JobScheduler.swift; sourceTree = "<group>"; };
		A10000020000000000000007 /* JobManager.swift */ = {isa = PBXFileReference; lastKnownFileType = sourcecode.swift; path = JobManager.swift; sourceTree = "<group>"; };
		A10000020000000000000008 /* MenuBarView.swift */ = {isa = PBXFileReference; lastKnownFileType = sourcecode.swift; path = MenuBarView.swift; sourceTree = "<group>"; };
		A10000020000000000000009 /* JobListView.swift */ = {isa = PBXFileReference; lastKnownFileType = sourcecode.swift; path = JobListView.swift; sourceTree = "<group>"; };
		A10000020000000000000010 /* JobRowView.swift */ = {isa = PBXFileReference; lastKnownFileType = sourcecode.swift; path = JobRowView.swift; sourceTree = "<group>"; };
		A10000020000000000000011 /* JobDetailSidebar.swift */ = {isa = PBXFileReference; lastKnownFileType = sourcecode.swift; path = JobDetailSidebar.swift; sourceTree = "<group>"; };
		A10000020000000000000012 /* AddJobView.swift */ = {isa = PBXFileReference; lastKnownFileType = sourcecode.swift; path = AddJobView.swift; sourceTree = "<group>"; };
		A10000020000000000000013 /* LogViewerView.swift */ = {isa = PBXFileReference; lastKnownFileType = sourcecode.swift; path = LogViewerView.swift; sourceTree = "<group>"; };
		A10000020000000000000014 /* SettingsView.swift */ = {isa = PBXFileReference; lastKnownFileType = sourcecode.swift; path = SettingsView.swift; sourceTree = "<group>"; };
		A10000020000000000000015 /* LaunchAtLogin.swift */ = {isa = PBXFileReference; lastKnownFileType = sourcecode.swift; path = LaunchAtLogin.swift; sourceTree = "<group>"; };
		A10000020000000000000016 /* Assets.xcassets */ = {isa = PBXFileReference; lastKnownFileType = folder.assetcatalog; path = Assets.xcassets; sourceTree = "<group>"; };
		A10000020000000000000017 /* EditJobWindow.swift */ = {isa = PBXFileReference; lastKnownFileType = sourcecode.swift; path = EditJobWindow.swift; sourceTree = "<group>"; };
		A10000020000000000000018 /* LogViewerWindow.swift */ = {isa = PBXFileReference; lastKnownFileType = sourcecode.swift; path = LogViewerWindow.swift; sourceTree = "<group>"; };
		A10000020000000000000019 /* LogRun.swift */ = {isa = PBXFileReference; lastKnownFileType = sourcecode.swift; path = LogRun.swift; sourceTree = "<group>"; };
		A10000020000000000000020 /* InlineLogView.swift */ = {isa = PBXFileReference; lastKnownFileType = sourcecode.swift; path = InlineLogView.swift; sourceTree = "<group>"; };
		A10000020000000000000021 /* LogHistoryView.swift */ = {isa = PBXFileReference; lastKnownFileType = sourcecode.swift; path = LogHistoryView.swift; sourceTree = "<group>"; };
		A10000020000000000000022 /* LogHistoryWindow.swift */ = {isa = PBXFileReference; lastKnownFileType = sourcecode.swift; path = LogHistoryWindow.swift; sourceTree = "<group>"; };
		A10000020000000000000023 /* NotificationService.swift */ = {isa = PBXFileReference; lastKnownFileType = sourcecode.swift; path = NotificationService.swift; sourceTree = "<group>"; };
		A10000030000000000000001 /* Cronos.app */ = {isa = PBXFileReference; explicitFileType = wrapper.application; includeInIndex = 0; path = Cronos.app; sourceTree = BUILT_PRODUCTS_DIR; };
/* End PBXFileReference section */

/* Begin PBXFrameworksBuildPhase section */
		A10000040000000000000001 /* Frameworks */ = {
			isa = PBXFrameworksBuildPhase;
			buildActionMask = 2147483647;
			files = (
			);
			runOnlyForDeploymentPostprocessing = 0;
		};
/* End PBXFrameworksBuildPhase section */

/* Begin PBXGroup section */
		A10000050000000000000001 = {
			isa = PBXGroup;
			children = (
				A10000050000000000000002 /* Cronos */,
				A10000050000000000000009 /* Products */,
			);
			sourceTree = "<group>";
		};
		A10000050000000000000002 /* Cronos */ = {
			isa = PBXGroup;
			children = (
				A10000020000000000000001 /* CronosApp.swift */,
				A10000050000000000000003 /* Models */,
				A10000050000000000000004 /* Views */,
				A10000050000000000000005 /* ViewModels */,
				A10000050000000000000006 /* Services */,
				A10000050000000000000007 /* Utilities */,
				A10000050000000000000008 /* Resources */,
			);
			path = Cronos;
			sourceTree = "<group>";
		};
		A10000050000000000000003 /* Models */ = {
			isa = PBXGroup;
			children = (
				A10000020000000000000002 /* Job.swift */,
				A10000020000000000000003 /* Schedule.swift */,
				A10000020000000000000019 /* LogRun.swift */,
			);
			path = Models;
			sourceTree = "<group>";
		};
		A10000050000000000000004 /* Views */ = {
			isa = PBXGroup;
			children = (
				A10000020000000000000008 /* MenuBarView.swift */,
				A10000020000000000000009 /* JobListView.swift */,
				A10000020000000000000010 /* JobRowView.swift */,
				A10000020000000000000011 /* JobDetailSidebar.swift */,
				A10000020000000000000012 /* AddJobView.swift */,
				A10000020000000000000013 /* LogViewerView.swift */,
				A10000020000000000000014 /* SettingsView.swift */,
				A10000020000000000000017 /* EditJobWindow.swift */,
				A10000020000000000000018 /* LogViewerWindow.swift */,
				A10000020000000000000020 /* InlineLogView.swift */,
				A10000020000000000000021 /* LogHistoryView.swift */,
				A10000020000000000000022 /* LogHistoryWindow.swift */,
			);
			path = Views;
			sourceTree = "<group>";
		};
		A10000050000000000000005 /* ViewModels */ = {
			isa = PBXGroup;
			children = (
				A10000020000000000000007 /* JobManager.swift */,
			);
			path = ViewModels;
			sourceTree = "<group>";
		};
		A10000050000000000000006 /* Services */ = {
			isa = PBXGroup;
			children = (
				A10000020000000000000004 /* JobStore.swift */,
				A10000020000000000000005 /* JobRunner.swift */,
				A10000020000000000000006 /* JobScheduler.swift */,
				A10000020000000000000023 /* NotificationService.swift */,
			);
			path = Services;
			sourceTree = "<group>";
		};
		A10000050000000000000007 /* Utilities */ = {
			isa = PBXGroup;
			children = (
				A10000020000000000000015 /* LaunchAtLogin.swift */,
			);
			path = Utilities;
			sourceTree = "<group>";
		};
		A10000050000000000000008 /* Resources */ = {
			isa = PBXGroup;
			children = (
				A10000020000000000000016 /* Assets.xcassets */,
			);
			path = Resources;
			sourceTree = "<group>";
		};
		A10000050000000000000009 /* Products */ = {
			isa = PBXGroup;
			children = (
				A10000030000000000000001 /* Cronos.app */,
			);
			name = Products;
			sourceTree = "<group>";
		};
/* End PBXGroup section */

/* Begin PBXNativeTarget section */
		A10000060000000000000001 /* Cronos */ = {
			isa = PBXNativeTarget;
			buildConfigurationList = A10000080000000000000001 /* Build configuration list for PBXNativeTarget "Cronos" */;
			buildPhases = (
				A10000070000000000000001 /* Sources */,
				A10000040000000000000001 /* Frameworks */,
				A10000070000000000000002 /* Resources */,
			);
			buildRules = (
			);
			dependencies = (
			);
			name = Cronos;
			productName = Cronos;
			productReference = A10000030000000000000001 /* Cronos.app */;
			productType = "com.apple.product-type.application";
		};
/* End PBXNativeTarget section */

/* Begin PBXProject section */
		A10000090000000000000001 /* Project object */ = {
			isa = PBXProject;
			attributes = {
				BuildIndependentTargetsInParallel = 1;
				LastSwiftUpdateCheck = 1500;
				LastUpgradeCheck = 1500;
				TargetAttributes = {
					A10000060000000000000001 = {
						CreatedOnToolsVersion = 15.0;
					};
				};
			};
			buildConfigurationList = A10000080000000000000002 /* Build configuration list for PBXProject "Cronos" */;
			compatibilityVersion = "Xcode 14.0";
			developmentRegion = en;
			hasScannedForEncodings = 0;
			knownRegions = (
				en,
				Base,
			);
			mainGroup = A10000050000000000000001;
			productRefGroup = A10000050000000000000009 /* Products */;
			projectDirPath = "";
			projectRoot = "";
			targets = (
				A10000060000000000000001 /* Cronos */,
			);
		};
/* End PBXProject section */

/* Begin PBXResourcesBuildPhase section */
		A10000070000000000000002 /* Resources */ = {
			isa = PBXResourcesBuildPhase;
			buildActionMask = 2147483647;
			files = (
				A10000010000000000000016 /* Assets.xcassets in Resources */,
			);
			runOnlyForDeploymentPostprocessing = 0;
		};
/* End PBXResourcesBuildPhase section */

/* Begin PBXSourcesBuildPhase section */
		A10000070000000000000001 /* Sources */ = {
			isa = PBXSourcesBuildPhase;
			buildActionMask = 2147483647;
			files = (
				A10000010000000000000001 /* CronosApp.swift in Sources */,
				A10000010000000000000002 /* Job.swift in Sources */,
				A10000010000000000000003 /* Schedule.swift in Sources */,
				A10000010000000000000004 /* JobStore.swift in Sources */,
				A10000010000000000000005 /* JobRunner.swift in Sources */,
				A10000010000000000000006 /* JobScheduler.swift in Sources */,
				A10000010000000000000007 /* JobManager.swift in Sources */,
				A10000010000000000000008 /* MenuBarView.swift in Sources */,
				A10000010000000000000009 /* JobListView.swift in Sources */,
				A10000010000000000000010 /* JobRowView.swift in Sources */,
				A10000010000000000000011 /* JobDetailSidebar.swift in Sources */,
				A10000010000000000000012 /* AddJobView.swift in Sources */,
				A10000010000000000000013 /* LogViewerView.swift in Sources */,
				A10000010000000000000014 /* SettingsView.swift in Sources */,
				A10000010000000000000015 /* LaunchAtLogin.swift in Sources */,
				A10000010000000000000017 /* EditJobWindow.swift in Sources */,
				A10000010000000000000018 /* LogViewerWindow.swift in Sources */,
				A10000010000000000000019 /* LogRun.swift in Sources */,
				A10000010000000000000020 /* InlineLogView.swift in Sources */,
				A10000010000000000000021 /* LogHistoryView.swift in Sources */,
				A10000010000000000000022 /* LogHistoryWindow.swift in Sources */,
				A10000010000000000000023 /* NotificationService.swift in Sources */,
			);
			runOnlyForDeploymentPostprocessing = 0;
		};
/* End PBXSourcesBuildPhase section */

/* Begin XCBuildConfiguration section */
		A100000A0000000000000001 /* Debug */ = {
			isa = XCBuildConfiguration;
			buildSettings = {
				ALWAYS_SEARCH_USER_PATHS = NO;
				ASSETCATALOG_COMPILER_GENERATE_SWIFT_ASSET_SYMBOL_EXTENSIONS = YES;
				CLANG_ANALYZER_NONNULL = YES;
				CLANG_ANALYZER_NUMBER_OBJECT_CONVERSION = YES_AGGRESSIVE;
				CLANG_CXX_LANGUAGE_STANDARD = "gnu++20";
				CLANG_ENABLE_MODULES = YES;
				CLANG_ENABLE_OBJC_ARC = YES;
				CLANG_ENABLE_OBJC_WEAK = YES;
				CLANG_WARN_BLOCK_CAPTURE_AUTORELEASING = YES;
				CLANG_WARN_BOOL_CONVERSION = YES;
				CLANG_WARN_COMMA = YES;
				CLANG_WARN_CONSTANT_CONVERSION = YES;
				CLANG_WARN_DEPRECATED_OBJC_IMPLEMENTATIONS = YES;
				CLANG_WARN_DIRECT_OBJC_ISA_USAGE = YES_ERROR;
				CLANG_WARN_DOCUMENTATION_COMMENTS = YES;
				CLANG_WARN_EMPTY_BODY = YES;
				CLANG_WARN_ENUM_CONVERSION = YES;
				CLANG_WARN_INFINITE_RECURSION = YES;
				CLANG_WARN_INT_CONVERSION = YES;
				CLANG_WARN_NON_LITERAL_NULL_CONVERSION = YES;
				CLANG_WARN_OBJC_IMPLICIT_RETAIN_SELF = YES;
				CLANG_WARN_OBJC_LITERAL_CONVERSION = YES;
				CLANG_WARN_OBJC_ROOT_CLASS = YES_ERROR;
				CLANG_WARN_QUOTED_INCLUDE_IN_FRAMEWORK_HEADER = YES;
				CLANG_WARN_RANGE_LOOP_ANALYSIS = YES;
				CLANG_WARN_STRICT_PROTOTYPES = YES;
				CLANG_WARN_SUSPICIOUS_MOVE = YES;
				CLANG_WARN_UNGUARDED_AVAILABILITY = YES_AGGRESSIVE;
				CLANG_WARN_UNREACHABLE_CODE = YES;
				CLANG_WARN__DUPLICATE_METHOD_MATCH = YES;
				COPY_PHASE_STRIP = NO;
				DEBUG_INFORMATION_FORMAT = dwarf;
				ENABLE_STRICT_OBJC_MSGSEND = YES;
				ENABLE_TESTABILITY = YES;
				ENABLE_USER_SCRIPT_SANDBOXING = YES;
				GCC_C_LANGUAGE_STANDARD = gnu17;
				GCC_DYNAMIC_NO_PIC = NO;
				GCC_NO_COMMON_BLOCKS = YES;
				GCC_OPTIMIZATION_LEVEL = 0;
				GCC_PREPROCESSOR_DEFINITIONS = (
					"DEBUG=1",
					"$(inherited)",
				);
				GCC_WARN_64_TO_32_BIT_CONVERSION = YES;
				GCC_WARN_ABOUT_RETURN_TYPE = YES_ERROR;
				GCC_WARN_UNDECLARED_SELECTOR = YES;
				GCC_WARN_UNINITIALIZED_AUTOS = YES_AGGRESSIVE;
				GCC_WARN_UNUSED_FUNCTION = YES;
				GCC_WARN_UNUSED_VARIABLE = YES;
				LOCALIZATION_PREFERS_STRING_CATALOGS = YES;
				MACOSX_DEPLOYMENT_TARGET = 14.0;
				MTL_ENABLE_DEBUG_INFO = INCLUDE_SOURCE;
				MTL_FAST_MATH = YES;
				ONLY_ACTIVE_ARCH = YES;
				SDKROOT = macosx;
				SWIFT_ACTIVE_COMPILATION_CONDITIONS = "DEBUG $(inherited)";
				SWIFT_OPTIMIZATION_LEVEL = "-Onone";
			};
			name = Debug;
		};
		A100000A0000000000000002 /* Release */ = {
			isa = XCBuildConfiguration;
			buildSettings = {
				ALWAYS_SEARCH_USER_PATHS = NO;
				ASSETCATALOG_COMPILER_GENERATE_SWIFT_ASSET_SYMBOL_EXTENSIONS = YES;
				CLANG_ANALYZER_NONNULL = YES;
				CLANG_ANALYZER_NUMBER_OBJECT_CONVERSION = YES_AGGRESSIVE;
				CLANG_CXX_LANGUAGE_STANDARD = "gnu++20";
				CLANG_ENABLE_MODULES = YES;
				CLANG_ENABLE_OBJC_ARC = YES;
				CLANG_ENABLE_OBJC_WEAK = YES;
				CLANG_WARN_BLOCK_CAPTURE_AUTORELEASING = YES;
				CLANG_WARN_BOOL_CONVERSION = YES;
				CLANG_WARN_COMMA = YES;
				CLANG_WARN_CONSTANT_CONVERSION = YES;
				CLANG_WARN_DEPRECATED_OBJC_IMPLEMENTATIONS = YES;
				CLANG_WARN_DIRECT_OBJC_ISA_USAGE = YES_ERROR;
				CLANG_WARN_DOCUMENTATION_COMMENTS = YES;
				CLANG_WARN_EMPTY_BODY = YES;
				CLANG_WARN_ENUM_CONVERSION = YES;
				CLANG_WARN_INFINITE_RECURSION = YES;
				CLANG_WARN_INT_CONVERSION = YES;
				CLANG_WARN_NON_LITERAL_NULL_CONVERSION = YES;
				CLANG_WARN_OBJC_IMPLICIT_RETAIN_SELF = YES;
				CLANG_WARN_OBJC_LITERAL_CONVERSION = YES;
				CLANG_WARN_OBJC_ROOT_CLASS = YES_ERROR;
				CLANG_WARN_QUOTED_INCLUDE_IN_FRAMEWORK_HEADER = YES;
				CLANG_WARN_RANGE_LOOP_ANALYSIS = YES;
				CLANG_WARN_STRICT_PROTOTYPES = YES;
				CLANG_WARN_SUSPICIOUS_MOVE = YES;
				CLANG_WARN_UNGUARDED_AVAILABILITY = YES_AGGRESSIVE;
				CLANG_WARN_UNREACHABLE_CODE = YES;
				CLANG_WARN__DUPLICATE_METHOD_MATCH = YES;
				COPY_PHASE_STRIP = NO;
				DEBUG_INFORMATION_FORMAT = "dwarf-with-dsym";
				ENABLE_NS_ASSERTIONS = NO;
				ENABLE_STRICT_OBJC_MSGSEND = YES;
				ENABLE_USER_SCRIPT_SANDBOXING = YES;
				GCC_C_LANGUAGE_STANDARD = gnu17;
				GCC_NO_COMMON_BLOCKS = YES;
				GCC_WARN_64_TO_32_BIT_CONVERSION = YES;
				GCC_WARN_ABOUT_RETURN_TYPE = YES_ERROR;
				GCC_WARN_UNDECLARED_SELECTOR = YES;
				GCC_WARN_UNINITIALIZED_AUTOS = YES_AGGRESSIVE;
				GCC_WARN_UNUSED_FUNCTION = YES;
				GCC_WARN_UNUSED_VARIABLE = YES;
				LOCALIZATION_PREFERS_STRING_CATALOGS = YES;
				MACOSX_DEPLOYMENT_TARGET = 14.0;
				MTL_ENABLE_DEBUG_INFO = NO;
				MTL_FAST_MATH = YES;
				SDKROOT = macosx;
				SWIFT_COMPILATION_MODE = wholemodule;
			};
			name = Release;
		};
		A100000A0000000000000003 /* Debug */ = {
			isa = XCBuildConfiguration;
			buildSettings = {
				ASSETCATALOG_COMPILER_APPICON_NAME = AppIcon;
				ASSETCATALOG_COMPILER_GLOBAL_ACCENT_COLOR_NAME = AccentColor;
				CODE_SIGN_ENTITLEMENTS = "";
				CODE_SIGN_STYLE = Automatic;
				COMBINE_HIDPI_IMAGES = YES;
				CURRENT_PROJECT_VERSION = 1;
				DEVELOPMENT_TEAM = "";
				ENABLE_HARDENED_RUNTIME = YES;
				GENERATE_INFOPLIST_FILE = YES;
				INFOPLIST_KEY_LSUIElement = YES;
				INFOPLIST_KEY_NSHumanReadableCopyright = "";
				LD_RUNPATH_SEARCH_PATHS = (
					"$(inherited)",
					"@executable_path/../Frameworks",
				);
				MARKETING_VERSION = 1.0;
				PRODUCT_BUNDLE_IDENTIFIER = com.cronos.app;
				PRODUCT_NAME = "$(TARGET_NAME)";
				SWIFT_EMIT_LOC_STRINGS = YES;
				SWIFT_VERSION = 5.0;
			};
			name = Debug;
		};
		A100000A0000000000000004 /* Release */ = {
			isa = XCBuildConfiguration;
			buildSettings = {
				ASSETCATALOG_COMPILER_APPICON_NAME = AppIcon;
				ASSETCATALOG_COMPILER_GLOBAL_ACCENT_COLOR_NAME = AccentColor;
				CODE_SIGN_ENTITLEMENTS = "";
				CODE_SIGN_STYLE = Automatic;
				COMBINE_HIDPI_IMAGES = YES;
				CURRENT_PROJECT_VERSION = 1;
				DEVELOPMENT_TEAM = "";
				ENABLE_HARDENED_RUNTIME = YES;
				GENERATE_INFOPLIST_FILE = YES;
				INFOPLIST_KEY_LSUIElement = YES;
				INFOPLIST_KEY_NSHumanReadableCopyright = "";
				LD_RUNPATH_SEARCH_PATHS = (
					"$(inherited)",
					"@executable_path/../Frameworks",
				);
				MARKETING_VERSION = 1.0;
				PRODUCT_BUNDLE_IDENTIFIER = com.cronos.app;
				PRODUCT_NAME = "$(TARGET_NAME)";
				SWIFT_EMIT_LOC_STRINGS = YES;
				SWIFT_VERSION = 5.0;
			};
			name = Release;
		};
/* End XCBuildConfiguration section */

/* Begin XCConfigurationList section */
		A10000080000000000000001 /* Build configuration list for PBXNativeTarget "Cronos" */ = {
			isa = XCConfigurationList;
			buildConfigurations = (
				A100000A0000000000000003 /* Debug */,
				A100000A0000000000000004 /* Release */,
			);
			defaultConfigurationIsVisible = 0;
			defaultConfigurationName = Release;
		};
		A10000080000000000000002 /* Build configuration list for PBXProject "Cronos" */ = {
			isa = XCConfigurationList;
			buildConfigurations = (
				A100000A0000000000000001 /* Debug */,
				A100000A0000000000000002 /* Release */,
			);
			defaultConfigurationIsVisible = 0;
			defaultConfigurationName = Release;
		};
/* End XCConfigurationList section */
	};
	rootObject = A10000090000000000000001 /* Project object */;
}
